
Microsoft Visual Studio Solution File, Format Version 12.00
# Visual Studio Version 16
VisualStudioVersion = 16.0.30717.126
MinimumVisualStudioVersion = 10.0.40219.1
Project("{8BC9CEB8-8B4A-11D0-8D11-00A0C91BC942}") = "Wyliczanie reszty - algorytm ewolucyjny", "Wyliczanie reszty - algorytm ewolucyjny\Wyliczanie reszty - algorytm ewolucyjny.vcxproj", "{97BF5A3A-5300-40FD-AF8D-B6A7D2518889}"
EndProject
Global
	GlobalSection(SolutionConfigurationPlatforms) = preSolution
		Debug|x64 = Debug|x64
		Debug|x86 = Debug|x86
		Release|x64 = Release|x64
		Release|x86 = Release|x86
	EndGlobalSection
	GlobalSection(ProjectConfigurationPlatforms) = postSolution
		{97BF5A3A-5300-40FD-AF8D-B6A7D2518889}.Debug|x64.ActiveCfg = Debug|x64
		{97BF5A3A-5300-40FD-AF8D-B6A7D2518889}.Debug|x64.Build.0 = Debug|x64
		{97BF5A3A-5300-40FD-AF8D-B6A7D2518889}.Debug|x86.ActiveCfg = Debug|Win32
		{97BF5A3A-5300-40FD-AF8D-B6A7D2518889}.Debug|x86.Build.0 = Debug|Win32
		{97BF5A3A-5300-40FD-AF8D-B6A7D2518889}.Release|x64.ActiveCfg = Release|x64
		{97BF5A3A-5300-40FD-AF8D-B6A7D2518889}.Release|x64.Build.0 = Release|x64
		{97BF5A3A-5300-40FD-AF8D-B6A7D2518889}.Release|x86.ActiveCfg = Release|Win32
		{97BF5A3A-5300-40FD-AF8D-B6A7D2518889}.Release|x86.Build.0 = Release|Win32
	EndGlobalSection
	GlobalSection(SolutionProperties) = preSolution
		HideSolutionNode = FALSE
	EndGlobalSection
	GlobalSection(ExtensibilityGlobals) = postSolution
		SolutionGuid = {6BDAEE59-4D47-4586-AB5E-926D16FEA5DB}
	EndGlobalSection
EndGlobal
